// !$*UTF8*$!
{
	archiveVersion = 1;
	classes = {
	};
	objectVersion = 50;
	objects = {

/* Begin PBXBuildFile section */
		3F312231243F5FCE0071BAF4 /* ThirdOnBoarding.swift in Sources */ = {isa = PBXBuildFile; fileRef = 3F312230243F5FCE0071BAF4 /* ThirdOnBoarding.swift */; };
		3F312233243F5FDD0071BAF4 /* FourthOnBoarding.swift in Sources */ = {isa = PBXBuildFile; fileRef = 3F312232243F5FDD0071BAF4 /* FourthOnBoarding.swift */; };
		3F312235243F60040071BAF4 /* PageViewOnBoarding.swift in Sources */ = {isa = PBXBuildFile; fileRef = 3F312234243F60040071BAF4 /* PageViewOnBoarding.swift */; };
		3F312237243F616D0071BAF4 /* OnBoarding.storyboard in Resources */ = {isa = PBXBuildFile; fileRef = 3F312236243F616D0071BAF4 /* OnBoarding.storyboard */; };
		4D45E423243C754400637259 /* AppDelegate.swift in Sources */ = {isa = PBXBuildFile; fileRef = 4D45E422243C754400637259 /* AppDelegate.swift */; };
		4D45E425243C754400637259 /* SceneDelegate.swift in Sources */ = {isa = PBXBuildFile; fileRef = 4D45E424243C754400637259 /* SceneDelegate.swift */; };
		4D45E427243C754400637259 /* FirstOnBoarding.swift in Sources */ = {isa = PBXBuildFile; fileRef = 4D45E426243C754400637259 /* FirstOnBoarding.swift */; };
		4D45E429243C754400637259 /* SecondOnBoarding.swift in Sources */ = {isa = PBXBuildFile; fileRef = 4D45E428243C754400637259 /* SecondOnBoarding.swift */; };
		4D45E42C243C754400637259 /* Main.storyboard in Resources */ = {isa = PBXBuildFile; fileRef = 4D45E42A243C754400637259 /* Main.storyboard */; };
		4D45E42E243C754500637259 /* Assets.xcassets in Resources */ = {isa = PBXBuildFile; fileRef = 4D45E42D243C754500637259 /* Assets.xcassets */; };
		4D45E431243C754500637259 /* LaunchScreen.storyboard in Resources */ = {isa = PBXBuildFile; fileRef = 4D45E42F243C754500637259 /* LaunchScreen.storyboard */; };
		4D45E43B243C782300637259 /* SoundStoryBoard.storyboard in Resources */ = {isa = PBXBuildFile; fileRef = 4D45E43A243C782300637259 /* SoundStoryBoard.storyboard */; };
		4D45E43D243C79D200637259 /* MeditationStoryBoard.storyboard in Resources */ = {isa = PBXBuildFile; fileRef = 4D45E43C243C79D200637259 /* MeditationStoryBoard.storyboard */; };
		4D45E43F243C7A6600637259 /* AlarmStoryBoard.storyboard in Resources */ = {isa = PBXBuildFile; fileRef = 4D45E43E243C7A6600637259 /* AlarmStoryBoard.storyboard */; };
		4D45E442243C7CCF00637259 /* FirstSoundVC.swift in Sources */ = {isa = PBXBuildFile; fileRef = 4D45E441243C7CCF00637259 /* FirstSoundVC.swift */; };
		4D45E444243C7CE600637259 /* SecondSoundVC.swift in Sources */ = {isa = PBXBuildFile; fileRef = 4D45E443243C7CE600637259 /* SecondSoundVC.swift */; };
		4D45E446243C7CFD00637259 /* FirstMeditationVC.swift in Sources */ = {isa = PBXBuildFile; fileRef = 4D45E445243C7CFD00637259 /* FirstMeditationVC.swift */; };
		4D45E448243C7D1100637259 /* SecondMeditationVC.swift in Sources */ = {isa = PBXBuildFile; fileRef = 4D45E447243C7D1100637259 /* SecondMeditationVC.swift */; };
		4D45E44A243C7D1D00637259 /* FirstAlarmVC.swift in Sources */ = {isa = PBXBuildFile; fileRef = 4D45E449243C7D1D00637259 /* FirstAlarmVC.swift */; };
		4D45E44C243C7D2900637259 /* SecondAlarmVC.swift in Sources */ = {isa = PBXBuildFile; fileRef = 4D45E44B243C7D2900637259 /* SecondAlarmVC.swift */; };
		4D45E44E243C7D3500637259 /* ThirdAlarmVC.swift in Sources */ = {isa = PBXBuildFile; fileRef = 4D45E44D243C7D3500637259 /* ThirdAlarmVC.swift */; };
/* End PBXBuildFile section */

/* Begin PBXFileReference section */
		3F312230243F5FCE0071BAF4 /* ThirdOnBoarding.swift */ = {isa = PBXFileReference; lastKnownFileType = sourcecode.swift; path = ThirdOnBoarding.swift; sourceTree = "<group>"; };
		3F312232243F5FDD0071BAF4 /* FourthOnBoarding.swift */ = {isa = PBXFileReference; lastKnownFileType = sourcecode.swift; path = FourthOnBoarding.swift; sourceTree = "<group>"; };
		3F312234243F60040071BAF4 /* PageViewOnBoarding.swift */ = {isa = PBXFileReference; lastKnownFileType = sourcecode.swift; path = PageViewOnBoarding.swift; sourceTree = "<group>"; };
		3F312236243F616D0071BAF4 /* OnBoarding.storyboard */ = {isa = PBXFileReference; lastKnownFileType = file.storyboard; path = OnBoarding.storyboard; sourceTree = "<group>"; };
		4D45E41F243C754400637259 /* Alarmy.app */ = {isa = PBXFileReference; explicitFileType = wrapper.application; includeInIndex = 0; path = Alarmy.app; sourceTree = BUILT_PRODUCTS_DIR; };
		4D45E422243C754400637259 /* AppDelegate.swift */ = {isa = PBXFileReference; lastKnownFileType = sourcecode.swift; path = AppDelegate.swift; sourceTree = "<group>"; };
		4D45E424243C754400637259 /* SceneDelegate.swift */ = {isa = PBXFileReference; lastKnownFileType = sourcecode.swift; path = SceneDelegate.swift; sourceTree = "<group>"; };
		4D45E426243C754400637259 /* FirstOnBoarding.swift */ = {isa = PBXFileReference; lastKnownFileType = sourcecode.swift; path = FirstOnBoarding.swift; sourceTree = "<group>"; };
		4D45E428243C754400637259 /* SecondOnBoarding.swift */ = {isa = PBXFileReference; lastKnownFileType = sourcecode.swift; path = SecondOnBoarding.swift; sourceTree = "<group>"; };
		4D45E42B243C754400637259 /* Base */ = {isa = PBXFileReference; lastKnownFileType = file.storyboard; name = Base; path = Base.lproj/Main.storyboard; sourceTree = "<group>"; };
		4D45E42D243C754500637259 /* Assets.xcassets */ = {isa = PBXFileReference; lastKnownFileType = folder.assetcatalog; path = Assets.xcassets; sourceTree = "<group>"; };
		4D45E430243C754500637259 /* Base */ = {isa = PBXFileReference; lastKnownFileType = file.storyboard; name = Base; path = Base.lproj/LaunchScreen.storyboard; sourceTree = "<group>"; };
		4D45E432243C754500637259 /* Info.plist */ = {isa = PBXFileReference; lastKnownFileType = text.plist.xml; path = Info.plist; sourceTree = "<group>"; };
		4D45E43A243C782300637259 /* SoundStoryBoard.storyboard */ = {isa = PBXFileReference; lastKnownFileType = file.storyboard; path = SoundStoryBoard.storyboard; sourceTree = "<group>"; };
		4D45E43C243C79D200637259 /* MeditationStoryBoard.storyboard */ = {isa = PBXFileReference; lastKnownFileType = file.storyboard; path = MeditationStoryBoard.storyboard; sourceTree = "<group>"; };
		4D45E43E243C7A6600637259 /* AlarmStoryBoard.storyboard */ = {isa = PBXFileReference; lastKnownFileType = file.storyboard; path = AlarmStoryBoard.storyboard; sourceTree = "<group>"; };
		4D45E441243C7CCF00637259 /* FirstSoundVC.swift */ = {isa = PBXFileReference; lastKnownFileType = sourcecode.swift; path = FirstSoundVC.swift; sourceTree = "<group>"; };
		4D45E443243C7CE600637259 /* SecondSoundVC.swift */ = {isa = PBXFileReference; lastKnownFileType = sourcecode.swift; path = SecondSoundVC.swift; sourceTree = "<group>"; };
		4D45E445243C7CFD00637259 /* FirstMeditationVC.swift */ = {isa = PBXFileReference; lastKnownFileType = sourcecode.swift; path = FirstMeditationVC.swift; sourceTree = "<group>"; };
		4D45E447243C7D1100637259 /* SecondMeditationVC.swift */ = {isa = PBXFileReference; lastKnownFileType = sourcecode.swift; path = SecondMeditationVC.swift; sourceTree = "<group>"; };
		4D45E449243C7D1D00637259 /* FirstAlarmVC.swift */ = {isa = PBXFileReference; lastKnownFileType = sourcecode.swift; path = FirstAlarmVC.swift; sourceTree = "<group>"; };
		4D45E44B243C7D2900637259 /* SecondAlarmVC.swift */ = {isa = PBXFileReference; lastKnownFileType = sourcecode.swift; path = SecondAlarmVC.swift; sourceTree = "<group>"; };
		4D45E44D243C7D3500637259 /* ThirdAlarmVC.swift */ = {isa = PBXFileReference; lastKnownFileType = sourcecode.swift; path = ThirdAlarmVC.swift; sourceTree = "<group>"; };
/* End PBXFileReference section */

/* Begin PBXFrameworksBuildPhase section */
		4D45E41C243C754400637259 /* Frameworks */ = {
			isa = PBXFrameworksBuildPhase;
			buildActionMask = 2147483647;
			files = (
			);
			runOnlyForDeploymentPostprocessing = 0;
		};
/* End PBXFrameworksBuildPhase section */

/* Begin PBXGroup section */
		3F312238243F62BE0071BAF4 /* OnBoarding */ = {
			isa = PBXGroup;
			children = (
				4D45E426243C754400637259 /* FirstOnBoarding.swift */,
				4D45E428243C754400637259 /* SecondOnBoarding.swift */,
				3F312230243F5FCE0071BAF4 /* ThirdOnBoarding.swift */,
				3F312232243F5FDD0071BAF4 /* FourthOnBoarding.swift */,
				3F312234243F60040071BAF4 /* PageViewOnBoarding.swift */,
			);
			path = OnBoarding;
			sourceTree = "<group>";
		};
		4D45E416243C754400637259 = {
			isa = PBXGroup;
			children = (
				4D45E421243C754400637259 /* Alarmy */,
				4D45E420243C754400637259 /* Products */,
			);
			sourceTree = "<group>";
		};
		4D45E420243C754400637259 /* Products */ = {
			isa = PBXGroup;
			children = (
				4D45E41F243C754400637259 /* Alarmy.app */,
			);
			name = Products;
			sourceTree = "<group>";
		};
		4D45E421243C754400637259 /* Alarmy */ = {
			isa = PBXGroup;
			children = (
				4D45E422243C754400637259 /* AppDelegate.swift */,
				4D45E440243C7BD100637259 /* ViewController */,
				4D45E439243C756000637259 /* StoryBoard */,
				4D45E424243C754400637259 /* SceneDelegate.swift */,
				4D45E42D243C754500637259 /* Assets.xcassets */,
				4D45E42F243C754500637259 /* LaunchScreen.storyboard */,
				4D45E432243C754500637259 /* Info.plist */,
			);
			path = Alarmy;
			sourceTree = "<group>";
		};
		4D45E439243C756000637259 /* StoryBoard */ = {
			isa = PBXGroup;
			children = (
				4D45E42A243C754400637259 /* Main.storyboard */,
				4D45E43A243C782300637259 /* SoundStoryBoard.storyboard */,
				4D45E43C243C79D200637259 /* MeditationStoryBoard.storyboard */,
				4D45E43E243C7A6600637259 /* AlarmStoryBoard.storyboard */,
				3F312236243F616D0071BAF4 /* OnBoarding.storyboard */,
			);
			path = StoryBoard;
			sourceTree = "<group>";
		};
		4D45E440243C7BD100637259 /* ViewController */ = {
			isa = PBXGroup;
			children = (
				3F312238243F62BE0071BAF4 /* OnBoarding */,
				4D45E44F243C7D3A00637259 /* Sound */,
				4D45E450243C7D4200637259 /* Meditation */,
				4D45E451243C7D4E00637259 /* Alarm */,
			);
			path = ViewController;
			sourceTree = "<group>";
		};
		4D45E44F243C7D3A00637259 /* Sound */ = {
			isa = PBXGroup;
			children = (
				4D45E441243C7CCF00637259 /* FirstSoundVC.swift */,
				4D45E443243C7CE600637259 /* SecondSoundVC.swift */,
			);
			path = Sound;
			sourceTree = "<group>";
		};
		4D45E450243C7D4200637259 /* Meditation */ = {
			isa = PBXGroup;
			children = (
				4D45E445243C7CFD00637259 /* FirstMeditationVC.swift */,
				4D45E447243C7D1100637259 /* SecondMeditationVC.swift */,
			);
			path = Meditation;
			sourceTree = "<group>";
		};
		4D45E451243C7D4E00637259 /* Alarm */ = {
			isa = PBXGroup;
			children = (
				4D45E449243C7D1D00637259 /* FirstAlarmVC.swift */,
				4D45E44B243C7D2900637259 /* SecondAlarmVC.swift */,
				4D45E44D243C7D3500637259 /* ThirdAlarmVC.swift */,
			);
			path = Alarm;
			sourceTree = "<group>";
		};
/* End PBXGroup section */

/* Begin PBXNativeTarget section */
		4D45E41E243C754400637259 /* Alarmy */ = {
			isa = PBXNativeTarget;
			buildConfigurationList = 4D45E435243C754500637259 /* Build configuration list for PBXNativeTarget "Alarmy" */;
			buildPhases = (
				4D45E41B243C754400637259 /* Sources */,
				4D45E41C243C754400637259 /* Frameworks */,
				4D45E41D243C754400637259 /* Resources */,
			);
			buildRules = (
			);
			dependencies = (
			);
			name = Alarmy;
			productName = Alarmy;
			productReference = 4D45E41F243C754400637259 /* Alarmy.app */;
			productType = "com.apple.product-type.application";
		};
/* End PBXNativeTarget section */

/* Begin PBXProject section */
		4D45E417243C754400637259 /* Project object */ = {
			isa = PBXProject;
			attributes = {
				LastSwiftUpdateCheck = 1140;
				LastUpgradeCheck = 1140;
				ORGANIZATIONNAME = "Muhammad Fawwaz Mayda";
				TargetAttributes = {
					4D45E41E243C754400637259 = {
						CreatedOnToolsVersion = 11.4;
					};
				};
			};
			buildConfigurationList = 4D45E41A243C754400637259 /* Build configuration list for PBXProject "Alarmy" */;
			compatibilityVersion = "Xcode 9.3";
			developmentRegion = en;
			hasScannedForEncodings = 0;
			knownRegions = (
				en,
				Base,
			);
			mainGroup = 4D45E416243C754400637259;
			productRefGroup = 4D45E420243C754400637259 /* Products */;
			projectDirPath = "";
			projectRoot = "";
			targets = (
				4D45E41E243C754400637259 /* Alarmy */,
			);
		};
/* End PBXProject section */

/* Begin PBXResourcesBuildPhase section */
		4D45E41D243C754400637259 /* Resources */ = {
			isa = PBXResourcesBuildPhase;
			buildActionMask = 2147483647;
			files = (
				4D45E431243C754500637259 /* LaunchScreen.storyboard in Resources */,
				4D45E42E243C754500637259 /* Assets.xcassets in Resources */,
				4D45E43D243C79D200637259 /* MeditationStoryBoard.storyboard in Resources */,
				4D45E42C243C754400637259 /* Main.storyboard in Resources */,
				3F312237243F616D0071BAF4 /* OnBoarding.storyboard in Resources */,
				4D45E43B243C782300637259 /* SoundStoryBoard.storyboard in Resources */,
				4D45E43F243C7A6600637259 /* AlarmStoryBoard.storyboard in Resources */,
			);
			runOnlyForDeploymentPostprocessing = 0;
		};
/* End PBXResourcesBuildPhase section */

/* Begin PBXSourcesBuildPhase section */
		4D45E41B243C754400637259 /* Sources */ = {
			isa = PBXSourcesBuildPhase;
			buildActionMask = 2147483647;
			files = (
				4D45E429243C754400637259 /* SecondOnBoarding.swift in Sources */,
				3F312233243F5FDD0071BAF4 /* FourthOnBoarding.swift in Sources */,
				4D45E442243C7CCF00637259 /* FirstSoundVC.swift in Sources */,
				4D45E427243C754400637259 /* FirstOnBoarding.swift in Sources */,
				4D45E446243C7CFD00637259 /* FirstMeditationVC.swift in Sources */,
				4D45E44C243C7D2900637259 /* SecondAlarmVC.swift in Sources */,
				3F312235243F60040071BAF4 /* PageViewOnBoarding.swift in Sources */,
				4D45E423243C754400637259 /* AppDelegate.swift in Sources */,
				4D45E444243C7CE600637259 /* SecondSoundVC.swift in Sources */,
				4D45E44E243C7D3500637259 /* ThirdAlarmVC.swift in Sources */,
				4D45E448243C7D1100637259 /* SecondMeditationVC.swift in Sources */,
				4D45E425243C754400637259 /* SceneDelegate.swift in Sources */,
				3F312231243F5FCE0071BAF4 /* ThirdOnBoarding.swift in Sources */,
				4D45E44A243C7D1D00637259 /* FirstAlarmVC.swift in Sources */,
			);
			runOnlyForDeploymentPostprocessing = 0;
		};
/* End PBXSourcesBuildPhase section */

/* Begin PBXVariantGroup section */
		4D45E42A243C754400637259 /* Main.storyboard */ = {
			isa = PBXVariantGroup;
			children = (
				4D45E42B243C754400637259 /* Base */,
			);
			name = Main.storyboard;
			sourceTree = "<group>";
		};
		4D45E42F243C754500637259 /* LaunchScreen.storyboard */ = {
			isa = PBXVariantGroup;
			children = (
				4D45E430243C754500637259 /* Base */,
			);
			name = LaunchScreen.storyboard;
			sourceTree = "<group>";
		};
/* End PBXVariantGroup section */

/* Begin XCBuildConfiguration section */
		4D45E433243C754500637259 /* Debug */ = {
			isa = XCBuildConfiguration;
			buildSettings = {
				ALWAYS_SEARCH_USER_PATHS = NO;
				CLANG_ANALYZER_NONNULL = YES;
				CLANG_ANALYZER_NUMBER_OBJECT_CONVERSION = YES_AGGRESSIVE;
				CLANG_CXX_LANGUAGE_STANDARD = "gnu++14";
				CLANG_CXX_LIBRARY = "libc++";
				CLANG_ENABLE_MODULES = YES;
				CLANG_ENABLE_OBJC_ARC = YES;
				CLANG_ENABLE_OBJC_WEAK = YES;
				CLANG_WARN_BLOCK_CAPTURE_AUTORELEASING = YES;
				CLANG_WARN_BOOL_CONVERSION = YES;
				CLANG_WARN_COMMA = YES;
				CLANG_WARN_CONSTANT_CONVERSION = YES;
				CLANG_WARN_DEPRECATED_OBJC_IMPLEMENTATIONS = YES;
				CLANG_WARN_DIRECT_OBJC_ISA_USAGE = YES_ERROR;
				CLANG_WARN_DOCUMENTATION_COMMENTS = YES;
				CLANG_WARN_EMPTY_BODY = YES;
				CLANG_WARN_ENUM_CONVERSION = YES;
				CLANG_WARN_INFINITE_RECURSION = YES;
				CLANG_WARN_INT_CONVERSION = YES;
				CLANG_WARN_NON_LITERAL_NULL_CONVERSION = YES;
				CLANG_WARN_OBJC_IMPLICIT_RETAIN_SELF = YES;
				CLANG_WARN_OBJC_LITERAL_CONVERSION = YES;
				CLANG_WARN_OBJC_ROOT_CLASS = YES_ERROR;
				CLANG_WARN_RANGE_LOOP_ANALYSIS = YES;
				CLANG_WARN_STRICT_PROTOTYPES = YES;
				CLANG_WARN_SUSPICIOUS_MOVE = YES;
				CLANG_WARN_UNGUARDED_AVAILABILITY = YES_AGGRESSIVE;
				CLANG_WARN_UNREACHABLE_CODE = YES;
				CLANG_WARN__DUPLICATE_METHOD_MATCH = YES;
				COPY_PHASE_STRIP = NO;
				DEBUG_INFORMATION_FORMAT = dwarf;
				ENABLE_STRICT_OBJC_MSGSEND = YES;
				ENABLE_TESTABILITY = YES;
				GCC_C_LANGUAGE_STANDARD = gnu11;
				GCC_DYNAMIC_NO_PIC = NO;
				GCC_NO_COMMON_BLOCKS = YES;
				GCC_OPTIMIZATION_LEVEL = 0;
				GCC_PREPROCESSOR_DEFINITIONS = (
					"DEBUG=1",
					"$(inherited)",
				);
				GCC_WARN_64_TO_32_BIT_CONVERSION = YES;
				GCC_WARN_ABOUT_RETURN_TYPE = YES_ERROR;
				GCC_WARN_UNDECLARED_SELECTOR = YES;
				GCC_WARN_UNINITIALIZED_AUTOS = YES_AGGRESSIVE;
				GCC_WARN_UNUSED_FUNCTION = YES;
				GCC_WARN_UNUSED_VARIABLE = YES;
				IPHONEOS_DEPLOYMENT_TARGET = 13.4;
				MTL_ENABLE_DEBUG_INFO = INCLUDE_SOURCE;
				MTL_FAST_MATH = YES;
				ONLY_ACTIVE_ARCH = YES;
				SDKROOT = iphoneos;
				SWIFT_ACTIVE_COMPILATION_CONDITIONS = DEBUG;
				SWIFT_OPTIMIZATION_LEVEL = "-Onone";
			};
			name = Debug;
		};
		4D45E434243C754500637259 /* Release */ = {
			isa = XCBuildConfiguration;
			buildSettings = {
				ALWAYS_SEARCH_USER_PATHS = NO;
				CLANG_ANALYZER_NONNULL = YES;
				CLANG_ANALYZER_NUMBER_OBJECT_CONVERSION = YES_AGGRESSIVE;
				CLANG_CXX_LANGUAGE_STANDARD = "gnu++14";
				CLANG_CXX_LIBRARY = "libc++";
				CLANG_ENABLE_MODULES = YES;
				CLANG_ENABLE_OBJC_ARC = YES;
				CLANG_ENABLE_OBJC_WEAK = YES;
				CLANG_WARN_BLOCK_CAPTURE_AUTORELEASING = YES;
				CLANG_WARN_BOOL_CONVERSION = YES;
				CLANG_WARN_COMMA = YES;
				CLANG_WARN_CONSTANT_CONVERSION = YES;
				CLANG_WARN_DEPRECATED_OBJC_IMPLEMENTATIONS = YES;
				CLANG_WARN_DIRECT_OBJC_ISA_USAGE = YES_ERROR;
				CLANG_WARN_DOCUMENTATION_COMMENTS = YES;
				CLANG_WARN_EMPTY_BODY = YES;
				CLANG_WARN_ENUM_CONVERSION = YES;
				CLANG_WARN_INFINITE_RECURSION = YES;
				CLANG_WARN_INT_CONVERSION = YES;
				CLANG_WARN_NON_LITERAL_NULL_CONVERSION = YES;
				CLANG_WARN_OBJC_IMPLICIT_RETAIN_SELF = YES;
				CLANG_WARN_OBJC_LITERAL_CONVERSION = YES;
				CLANG_WARN_OBJC_ROOT_CLASS = YES_ERROR;
				CLANG_WARN_RANGE_LOOP_ANALYSIS = YES;
				CLANG_WARN_STRICT_PROTOTYPES = YES;
				CLANG_WARN_SUSPICIOUS_MOVE = YES;
				CLANG_WARN_UNGUARDED_AVAILABILITY = YES_AGGRESSIVE;
				CLANG_WARN_UNREACHABLE_CODE = YES;
				CLANG_WARN__DUPLICATE_METHOD_MATCH = YES;
				COPY_PHASE_STRIP = NO;
				DEBUG_INFORMATION_FORMAT = "dwarf-with-dsym";
				ENABLE_NS_ASSERTIONS = NO;
				ENABLE_STRICT_OBJC_MSGSEND = YES;
				GCC_C_LANGUAGE_STANDARD = gnu11;
				GCC_NO_COMMON_BLOCKS = YES;
				GCC_WARN_64_TO_32_BIT_CONVERSION = YES;
				GCC_WARN_ABOUT_RETURN_TYPE = YES_ERROR;
				GCC_WARN_UNDECLARED_SELECTOR = YES;
				GCC_WARN_UNINITIALIZED_AUTOS = YES_AGGRESSIVE;
				GCC_WARN_UNUSED_FUNCTION = YES;
				GCC_WARN_UNUSED_VARIABLE = YES;
				IPHONEOS_DEPLOYMENT_TARGET = 13.4;
				MTL_ENABLE_DEBUG_INFO = NO;
				MTL_FAST_MATH = YES;
				SDKROOT = iphoneos;
				SWIFT_COMPILATION_MODE = wholemodule;
				SWIFT_OPTIMIZATION_LEVEL = "-O";
				VALIDATE_PRODUCT = YES;
			};
			name = Release;
		};
		4D45E436243C754500637259 /* Debug */ = {
			isa = XCBuildConfiguration;
			buildSettings = {
				ASSETCATALOG_COMPILER_APPICON_NAME = AppIcon;
				CODE_SIGN_STYLE = Automatic;
				DEVELOPMENT_TEAM = Z35HSPF5XB;
				INFOPLIST_FILE = Alarmy/Info.plist;
				LD_RUNPATH_SEARCH_PATHS = (
					"$(inherited)",
					"@executable_path/Frameworks",
				);
				PRODUCT_BUNDLE_IDENTIFIER = bola.Alarmy;
				PRODUCT_NAME = "$(TARGET_NAME)";
				SWIFT_VERSION = 5.0;
				TARGETED_DEVICE_FAMILY = "1,2";
			};
			name = Debug;
		};
		4D45E437243C754500637259 /* Release */ = {
			isa = XCBuildConfiguration;
			buildSettings = {
				ASSETCATALOG_COMPILER_APPICON_NAME = AppIcon;
				CODE_SIGN_STYLE = Automatic;
				DEVELOPMENT_TEAM = Z35HSPF5XB;
				INFOPLIST_FILE = Alarmy/Info.plist;
				LD_RUNPATH_SEARCH_PATHS = (
					"$(inherited)",
					"@executable_path/Frameworks",
				);
				PRODUCT_BUNDLE_IDENTIFIER = bola.Alarmy;
				PRODUCT_NAME = "$(TARGET_NAME)";
				SWIFT_VERSION = 5.0;
				TARGETED_DEVICE_FAMILY = "1,2";
			};
			name = Release;
		};
/* End XCBuildConfiguration section */

/* Begin XCConfigurationList section */
		4D45E41A243C754400637259 /* Build configuration list for PBXProject "Alarmy" */ = {
			isa = XCConfigurationList;
			buildConfigurations = (
				4D45E433243C754500637259 /* Debug */,
				4D45E434243C754500637259 /* Release */,
			);
			defaultConfigurationIsVisible = 0;
			defaultConfigurationName = Release;
		};
		4D45E435243C754500637259 /* Build configuration list for PBXNativeTarget "Alarmy" */ = {
			isa = XCConfigurationList;
			buildConfigurations = (
				4D45E436243C754500637259 /* Debug */,
				4D45E437243C754500637259 /* Release */,
			);
			defaultConfigurationIsVisible = 0;
			defaultConfigurationName = Release;
		};
/* End XCConfigurationList section */
	};
	rootObject = 4D45E417243C754400637259 /* Project object */;
}
